// !$*UTF8*$!
{
	archiveVersion = 1;
	classes = {
	};
	objectVersion = 46;
	objects = {

/* Begin PBXBuildFile section */
		1B05830E194D5274000D43C2 /* Foundation.framework in Frameworks */ = {isa = PBXBuildFile; fileRef = 1B05830D194D5274000D43C2 /* Foundation.framework */; };
		1B058310194D5274000D43C2 /* CoreGraphics.framework in Frameworks */ = {isa = PBXBuildFile; fileRef = 1B05830F194D5274000D43C2 /* CoreGraphics.framework */; };
		1B058312194D5274000D43C2 /* UIKit.framework in Frameworks */ = {isa = PBXBuildFile; fileRef = 1B058311194D5274000D43C2 /* UIKit.framework */; };
		1B058318194D5274000D43C2 /* InfoPlist.strings in Resources */ = {isa = PBXBuildFile; fileRef = 1B058316194D5274000D43C2 /* InfoPlist.strings */; };
		1B05831A194D5274000D43C2 /* main.m in Sources */ = {isa = PBXBuildFile; fileRef = 1B058319194D5274000D43C2 /* main.m */; };
		1B05831E194D5274000D43C2 /* FTCAppDelegate.m in Sources */ = {isa = PBXBuildFile; fileRef = 1B05831D194D5274000D43C2 /* FTCAppDelegate.m */; };
		1B058320194D5274000D43C2 /* Images.xcassets in Resources */ = {isa = PBXBuildFile; fileRef = 1B05831F194D5274000D43C2 /* Images.xcassets */; };
		1B058327194D5274000D43C2 /* XCTest.framework in Frameworks */ = {isa = PBXBuildFile; fileRef = 1B058326194D5274000D43C2 /* XCTest.framework */; };
		1B058328194D5274000D43C2 /* Foundation.framework in Frameworks */ = {isa = PBXBuildFile; fileRef = 1B05830D194D5274000D43C2 /* Foundation.framework */; };
		1B058329194D5274000D43C2 /* UIKit.framework in Frameworks */ = {isa = PBXBuildFile; fileRef = 1B058311194D5274000D43C2 /* UIKit.framework */; };
		1B058331194D5274000D43C2 /* InfoPlist.strings in Resources */ = {isa = PBXBuildFile; fileRef = 1B05832F194D5274000D43C2 /* InfoPlist.strings */; };
		1B058333194D5274000D43C2 /* FeelTheColorTests.m in Sources */ = {isa = PBXBuildFile; fileRef = 1B058332194D5274000D43C2 /* FeelTheColorTests.m */; };
		1B05833E194D529C000D43C2 /* FTCMainViewController.m in Sources */ = {isa = PBXBuildFile; fileRef = 1B05833D194D529C000D43C2 /* FTCMainViewController.m */; };
/* End PBXBuildFile section */

/* Begin PBXContainerItemProxy section */
		1B05832A194D5274000D43C2 /* PBXContainerItemProxy */ = {
			isa = PBXContainerItemProxy;
			containerPortal = 1B058302194D5274000D43C2 /* Project object */;
			proxyType = 1;
			remoteGlobalIDString = 1B058309194D5274000D43C2;
			remoteInfo = FeelTheColor;
		};
/* End PBXContainerItemProxy section */

/* Begin PBXFileReference section */
		1B05830A194D5274000D43C2 /* FeelTheColor.app */ = {isa = PBXFileReference; explicitFileType = wrapper.application; includeInIndex = 0; path = FeelTheColor.app; sourceTree = BUILT_PRODUCTS_DIR; };
		1B05830D194D5274000D43C2 /* Foundation.framework */ = {isa = PBXFileReference; lastKnownFileType = wrapper.framework; name = Foundation.framework; path = System/Library/Frameworks/Foundation.framework; sourceTree = SDKROOT; };
		1B05830F194D5274000D43C2 /* CoreGraphics.framework */ = {isa = PBXFileReference; lastKnownFileType = wrapper.framework; name = CoreGraphics.framework; path = System/Library/Frameworks/CoreGraphics.framework; sourceTree = SDKROOT; };
		1B058311194D5274000D43C2 /* UIKit.framework */ = {isa = PBXFileReference; lastKnownFileType = wrapper.framework; name = UIKit.framework; path = System/Library/Frameworks/UIKit.framework; sourceTree = SDKROOT; };
		1B058315194D5274000D43C2 /* FeelTheColor-Info.plist */ = {isa = PBXFileReference; lastKnownFileType = text.plist.xml; path = "FeelTheColor-Info.plist"; sourceTree = "<group>"; };
		1B058317194D5274000D43C2 /* en */ = {isa = PBXFileReference; lastKnownFileType = text.plist.strings; name = en; path = en.lproj/InfoPlist.strings; sourceTree = "<group>"; };
		1B058319194D5274000D43C2 /* main.m */ = {isa = PBXFileReference; lastKnownFileType = sourcecode.c.objc; path = main.m; sourceTree = "<group>"; };
		1B05831B194D5274000D43C2 /* FeelTheColor-Prefix.pch */ = {isa = PBXFileReference; lastKnownFileType = sourcecode.c.h; path = "FeelTheColor-Prefix.pch"; sourceTree = "<group>"; };
		1B05831C194D5274000D43C2 /* FTCAppDelegate.h */ = {isa = PBXFileReference; lastKnownFileType = sourcecode.c.h; path = FTCAppDelegate.h; sourceTree = "<group>"; };
		1B05831D194D5274000D43C2 /* FTCAppDelegate.m */ = {isa = PBXFileReference; lastKnownFileType = sourcecode.c.objc; path = FTCAppDelegate.m; sourceTree = "<group>"; };
		1B05831F194D5274000D43C2 /* Images.xcassets */ = {isa = PBXFileReference; lastKnownFileType = folder.assetcatalog; path = Images.xcassets; sourceTree = "<group>"; };
		1B058325194D5274000D43C2 /* FeelTheColorTests.xctest */ = {isa = PBXFileReference; explicitFileType = wrapper.cfbundle; includeInIndex = 0; path = FeelTheColorTests.xctest; sourceTree = BUILT_PRODUCTS_DIR; };
		1B058326194D5274000D43C2 /* XCTest.framework */ = {isa = PBXFileReference; lastKnownFileType = wrapper.framework; name = XCTest.framework; path = Library/Frameworks/XCTest.framework; sourceTree = DEVELOPER_DIR; };
		1B05832E194D5274000D43C2 /* FeelTheColorTests-Info.plist */ = {isa = PBXFileReference; lastKnownFileType = text.plist.xml; path = "FeelTheColorTests-Info.plist"; sourceTree = "<group>"; };
		1B058330194D5274000D43C2 /* en */ = {isa = PBXFileReference; lastKnownFileType = text.plist.strings; name = en; path = en.lproj/InfoPlist.strings; sourceTree = "<group>"; };
		1B058332194D5274000D43C2 /* FeelTheColorTests.m */ = {isa = PBXFileReference; lastKnownFileType = sourcecode.c.objc; path = FeelTheColorTests.m; sourceTree = "<group>"; };
		1B05833C194D529C000D43C2 /* FTCMainViewController.h */ = {isa = PBXFileReference; fileEncoding = 4; lastKnownFileType = sourcecode.c.h; name = FTCMainViewController.h; path = ViewController/FTCMainViewController.h; sourceTree = "<group>"; };
		1B05833D194D529C000D43C2 /* FTCMainViewController.m */ = {isa = PBXFileReference; fileEncoding = 4; lastKnownFileType = sourcecode.c.objc; name = FTCMainViewController.m; path = ViewController/FTCMainViewController.m; sourceTree = "<group>"; };
/* End PBXFileReference section */

/* Begin PBXFrameworksBuildPhase section */
		1B058307194D5274000D43C2 /* Frameworks */ = {
			isa = PBXFrameworksBuildPhase;
			buildActionMask = 2147483647;
			files = (
				1B058310194D5274000D43C2 /* CoreGraphics.framework in Frameworks */,
				1B058312194D5274000D43C2 /* UIKit.framework in Frameworks */,
				1B05830E194D5274000D43C2 /* Foundation.framework in Frameworks */,
			);
			runOnlyForDeploymentPostprocessing = 0;
		};
		1B058322194D5274000D43C2 /* Frameworks */ = {
			isa = PBXFrameworksBuildPhase;
			buildActionMask = 2147483647;
			files = (
				1B058327194D5274000D43C2 /* XCTest.framework in Frameworks */,
				1B058329194D5274000D43C2 /* UIKit.framework in Frameworks */,
				1B058328194D5274000D43C2 /* Foundation.framework in Frameworks */,
			);
			runOnlyForDeploymentPostprocessing = 0;
		};
/* End PBXFrameworksBuildPhase section */

/* Begin PBXGroup section */
		1B058301194D5274000D43C2 = {
			isa = PBXGroup;
			children = (
				1B058313194D5274000D43C2 /* FeelTheColor */,
				1B05832C194D5274000D43C2 /* FeelTheColorTests */,
				1B05830C194D5274000D43C2 /* Frameworks */,
				1B05830B194D5274000D43C2 /* Products */,
			);
			sourceTree = "<group>";
		};
		1B05830B194D5274000D43C2 /* Products */ = {
			isa = PBXGroup;
			children = (
				1B05830A194D5274000D43C2 /* FeelTheColor.app */,
				1B058325194D5274000D43C2 /* FeelTheColorTests.xctest */,
			);
			name = Products;
			sourceTree = "<group>";
		};
		1B05830C194D5274000D43C2 /* Frameworks */ = {
			isa = PBXGroup;
			children = (
				1B05830D194D5274000D43C2 /* Foundation.framework */,
				1B05830F194D5274000D43C2 /* CoreGraphics.framework */,
				1B058311194D5274000D43C2 /* UIKit.framework */,
				1B058326194D5274000D43C2 /* XCTest.framework */,
			);
			name = Frameworks;
			sourceTree = "<group>";
		};
		1B058313194D5274000D43C2 /* FeelTheColor */ = {
			isa = PBXGroup;
			children = (
				1B05831C194D5274000D43C2 /* FTCAppDelegate.h */,
				1B05831D194D5274000D43C2 /* FTCAppDelegate.m */,
				1B05833C194D529C000D43C2 /* FTCMainViewController.h */,
				1B05833D194D529C000D43C2 /* FTCMainViewController.m */,
				1B05831F194D5274000D43C2 /* Images.xcassets */,
				1B058314194D5274000D43C2 /* Supporting Files */,
			);
			path = FeelTheColor;
			sourceTree = "<group>";
		};
		1B058314194D5274000D43C2 /* Supporting Files */ = {
			isa = PBXGroup;
			children = (
				1B058315194D5274000D43C2 /* FeelTheColor-Info.plist */,
				1B058316194D5274000D43C2 /* InfoPlist.strings */,
				1B058319194D5274000D43C2 /* main.m */,
				1B05831B194D5274000D43C2 /* FeelTheColor-Prefix.pch */,
			);
			name = "Supporting Files";
			sourceTree = "<group>";
		};
		1B05832C194D5274000D43C2 /* FeelTheColorTests */ = {
			isa = PBXGroup;
			children = (
				1B058332194D5274000D43C2 /* FeelTheColorTests.m */,
				1B05832D194D5274000D43C2 /* Supporting Files */,
			);
			path = FeelTheColorTests;
			sourceTree = "<group>";
		};
		1B05832D194D5274000D43C2 /* Supporting Files */ = {
			isa = PBXGroup;
			children = (
				1B05832E194D5274000D43C2 /* FeelTheColorTests-Info.plist */,
				1B05832F194D5274000D43C2 /* InfoPlist.strings */,
			);
			name = "Supporting Files";
			sourceTree = "<group>";
		};
/* End PBXGroup section */

/* Begin PBXNativeTarget section */
		1B058309194D5274000D43C2 /* FeelTheColor */ = {
			isa = PBXNativeTarget;
			buildConfigurationList = 1B058336194D5274000D43C2 /* Build configuration list for PBXNativeTarget "FeelTheColor" */;
			buildPhases = (
				1B058306194D5274000D43C2 /* Sources */,
				1B058307194D5274000D43C2 /* Frameworks */,
				1B058308194D5274000D43C2 /* Resources */,
			);
			buildRules = (
			);
			dependencies = (
			);
			name = FeelTheColor;
			productName = FeelTheColor;
			productReference = 1B05830A194D5274000D43C2 /* FeelTheColor.app */;
			productType = "com.apple.product-type.application";
		};
		1B058324194D5274000D43C2 /* FeelTheColorTests */ = {
			isa = PBXNativeTarget;
			buildConfigurationList = 1B058339194D5274000D43C2 /* Build configuration list for PBXNativeTarget "FeelTheColorTests" */;
			buildPhases = (
				1B058321194D5274000D43C2 /* Sources */,
				1B058322194D5274000D43C2 /* Frameworks */,
				1B058323194D5274000D43C2 /* Resources */,
			);
			buildRules = (
			);
			dependencies = (
				1B05832B194D5274000D43C2 /* PBXTargetDependency */,
			);
			name = FeelTheColorTests;
			productName = FeelTheColorTests;
			productReference = 1B058325194D5274000D43C2 /* FeelTheColorTests.xctest */;
			productType = "com.apple.product-type.bundle.unit-test";
		};
/* End PBXNativeTarget section */

/* Begin PBXProject section */
		1B058302194D5274000D43C2 /* Project object */ = {
			isa = PBXProject;
			attributes = {
				CLASSPREFIX = FTC;
				LastUpgradeCheck = 0510;
				ORGANIZATIONNAME = "org-honghao";
				TargetAttributes = {
					1B058324194D5274000D43C2 = {
						TestTargetID = 1B058309194D5274000D43C2;
					};
				};
			};
			buildConfigurationList = 1B058305194D5274000D43C2 /* Build configuration list for PBXProject "FeelTheColor" */;
			compatibilityVersion = "Xcode 3.2";
			developmentRegion = English;
			hasScannedForEncodings = 0;
			knownRegions = (
				en,
			);
			mainGroup = 1B058301194D5274000D43C2;
			productRefGroup = 1B05830B194D5274000D43C2 /* Products */;
			projectDirPath = "";
			projectRoot = "";
			targets = (
				1B058309194D5274000D43C2 /* FeelTheColor */,
				1B058324194D5274000D43C2 /* FeelTheColorTests */,
			);
		};
/* End PBXProject section */

/* Begin PBXResourcesBuildPhase section */
		1B058308194D5274000D43C2 /* Resources */ = {
			isa = PBXResourcesBuildPhase;
			buildActionMask = 2147483647;
			files = (
				1B058318194D5274000D43C2 /* InfoPlist.strings in Resources */,
				1B058320194D5274000D43C2 /* Images.xcassets in Resources */,
			);
			runOnlyForDeploymentPostprocessing = 0;
		};
		1B058323194D5274000D43C2 /* Resources */ = {
			isa = PBXResourcesBuildPhase;
			buildActionMask = 2147483647;
			files = (
				1B058331194D5274000D43C2 /* InfoPlist.strings in Resources */,
			);
			runOnlyForDeploymentPostprocessing = 0;
		};
/* End PBXResourcesBuildPhase section */

/* Begin PBXSourcesBuildPhase section */
		1B058306194D5274000D43C2 /* Sources */ = {
			isa = PBXSourcesBuildPhase;
			buildActionMask = 2147483647;
			files = (
				1B05831E194D5274000D43C2 /* FTCAppDelegate.m in Sources */,
				1B05831A194D5274000D43C2 /* main.m in Sources */,
				1B05833E194D529C000D43C2 /* FTCMainViewController.m in Sources */,
			);
			runOnlyForDeploymentPostprocessing = 0;
		};
		1B058321194D5274000D43C2 /* Sources */ = {
			isa = PBXSourcesBuildPhase;
			buildActionMask = 2147483647;
			files = (
				1B058333194D5274000D43C2 /* FeelTheColorTests.m in Sources */,
			);
			runOnlyForDeploymentPostprocessing = 0;
		};
/* End PBXSourcesBuildPhase section */

/* Begin PBXTargetDependency section */
		1B05832B194D5274000D43C2 /* PBXTargetDependency */ = {
			isa = PBXTargetDependency;
			target = 1B058309194D5274000D43C2 /* FeelTheColor */;
			targetProxy = 1B05832A194D5274000D43C2 /* PBXContainerItemProxy */;
		};
/* End PBXTargetDependency section */

/* Begin PBXVariantGroup section */
		1B058316194D5274000D43C2 /* InfoPlist.strings */ = {
			isa = PBXVariantGroup;
			children = (
				1B058317194D5274000D43C2 /* en */,
			);
			name = InfoPlist.strings;
			sourceTree = "<group>";
		};
		1B05832F194D5274000D43C2 /* InfoPlist.strings */ = {
			isa = PBXVariantGroup;
			children = (
				1B058330194D5274000D43C2 /* en */,
			);
			name = InfoPlist.strings;
			sourceTree = "<group>";
		};
/* End PBXVariantGroup section */

/* Begin XCBuildConfiguration section */
		1B058334194D5274000D43C2 /* Debug */ = {
			isa = XCBuildConfiguration;
			buildSettings = {
				ALWAYS_SEARCH_USER_PATHS = NO;
				CLANG_CXX_LANGUAGE_STANDARD = "gnu++0x";
				CLANG_CXX_LIBRARY = "libc++";
				CLANG_ENABLE_MODULES = YES;
				CLANG_ENABLE_OBJC_ARC = YES;
				CLANG_WARN_BOOL_CONVERSION = YES;
				CLANG_WARN_CONSTANT_CONVERSION = YES;
				CLANG_WARN_DIRECT_OBJC_ISA_USAGE = YES_ERROR;
				CLANG_WARN_EMPTY_BODY = YES;
				CLANG_WARN_ENUM_CONVERSION = YES;
				CLANG_WARN_INT_CONVERSION = YES;
				CLANG_WARN_OBJC_ROOT_CLASS = YES_ERROR;
				CLANG_WARN__DUPLICATE_METHOD_MATCH = YES;
				"CODE_SIGN_IDENTITY[sdk=iphoneos*]" = "iPhone Developer";
				COPY_PHASE_STRIP = NO;
				GCC_C_LANGUAGE_STANDARD = gnu99;
				GCC_DYNAMIC_NO_PIC = NO;
				GCC_OPTIMIZATION_LEVEL = 0;
				GCC_PREPROCESSOR_DEFINITIONS = (
					"DEBUG=1",
					"$(inherited)",
				);
				GCC_SYMBOLS_PRIVATE_EXTERN = NO;
				GCC_WARN_64_TO_32_BIT_CONVERSION = YES;
				GCC_WARN_ABOUT_RETURN_TYPE = YES_ERROR;
				GCC_WARN_UNDECLARED_SELECTOR = YES;
				GCC_WARN_UNINITIALIZED_AUTOS = YES_AGGRESSIVE;
				GCC_WARN_UNUSED_FUNCTION = YES;
				GCC_WARN_UNUSED_VARIABLE = YES;
				IPHONEOS_DEPLOYMENT_TARGET = 7.1;
				ONLY_ACTIVE_ARCH = YES;
				SDKROOT = iphoneos;
			};
			name = Debug;
		};
		1B058335194D5274000D43C2 /* Release */ = {
			isa = XCBuildConfiguration;
			buildSettings = {
				ALWAYS_SEARCH_USER_PATHS = NO;
				CLANG_CXX_LANGUAGE_STANDARD = "gnu++0x";
				CLANG_CXX_LIBRARY = "libc++";
				CLANG_ENABLE_MODULES = YES;
				CLANG_ENABLE_OBJC_ARC = YES;
				CLANG_WARN_BOOL_CONVERSION = YES;
				CLANG_WARN_CONSTANT_CONVERSION = YES;
				CLANG_WARN_DIRECT_OBJC_ISA_USAGE = YES_ERROR;
				CLANG_WARN_EMPTY_BODY = YES;
				CLANG_WARN_ENUM_CONVERSION = YES;
				CLANG_WARN_INT_CONVERSION = YES;
				CLANG_WARN_OBJC_ROOT_CLASS = YES_ERROR;
				CLANG_WARN__DUPLICATE_METHOD_MATCH = YES;
				"CODE_SIGN_IDENTITY[sdk=iphoneos*]" = "iPhone Developer";
				COPY_PHASE_STRIP = YES;
				ENABLE_NS_ASSERTIONS = NO;
				GCC_C_LANGUAGE_STANDARD = gnu99;
				GCC_WARN_64_TO_32_BIT_CONVERSION = YES;
				GCC_WARN_ABOUT_RETURN_TYPE = YES_ERROR;
				GCC_WARN_UNDECLARED_SELECTOR = YES;
				GCC_WARN_UNINITIALIZED_AUTOS = YES_AGGRESSIVE;
				GCC_WARN_UNUSED_FUNCTION = YES;
				GCC_WARN_UNUSED_VARIABLE = YES;
				IPHONEOS_DEPLOYMENT_TARGET = 7.1;
				SDKROOT = iphoneos;
				VALIDATE_PRODUCT = YES;
			};
			name = Release;
		};
		1B058337194D5274000D43C2 /* Debug */ = {
			isa = XCBuildConfiguration;
			buildSettings = {
				ASSETCATALOG_COMPILER_APPICON_NAME = AppIcon;
				ASSETCATALOG_COMPILER_LAUNCHIMAGE_NAME = LaunchImage;
				GCC_PRECOMPILE_PREFIX_HEADER = YES;
				GCC_PREFIX_HEADER = "FeelTheColor/FeelTheColor-Prefix.pch";
				INFOPLIST_FILE = "FeelTheColor/FeelTheColor-Info.plist";
				PRODUCT_NAME = "$(TARGET_NAME)";
				WRAPPER_EXTENSION = app;
			};
			name = Debug;
		};
		1B058338194D5274000D43C2 /* Release */ = {
			isa = XCBuildConfiguration;
			buildSettings = {
				ASSETCATALOG_COMPILER_APPICON_NAME = AppIcon;
				ASSETCATALOG_COMPILER_LAUNCHIMAGE_NAME = LaunchImage;
				GCC_PRECOMPILE_PREFIX_HEADER = YES;
				GCC_PREFIX_HEADER = "FeelTheColor/FeelTheColor-Prefix.pch";
				INFOPLIST_FILE = "FeelTheColor/FeelTheColor-Info.plist";
				PRODUCT_NAME = "$(TARGET_NAME)";
				WRAPPER_EXTENSION = app;
			};
			name = Release;
		};
		1B05833A194D5274000D43C2 /* Debug */ = {
			isa = XCBuildConfiguration;
			buildSettings = {
				BUNDLE_LOADER = "$(BUILT_PRODUCTS_DIR)/FeelTheColor.app/FeelTheColor";
				FRAMEWORK_SEARCH_PATHS = (
					"$(SDKROOT)/Developer/Library/Frameworks",
					"$(inherited)",
					"$(DEVELOPER_FRAMEWORKS_DIR)",
				);
				GCC_PRECOMPILE_PREFIX_HEADER = YES;
				GCC_PREFIX_HEADER = "FeelTheColor/FeelTheColor-Prefix.pch";
				GCC_PREPROCESSOR_DEFINITIONS = (
					"DEBUG=1",
					"$(inherited)",
				);
				INFOPLIST_FILE = "FeelTheColorTests/FeelTheColorTests-Info.plist";
				PRODUCT_NAME = "$(TARGET_NAME)";
				TEST_HOST = "$(BUNDLE_LOADER)";
				WRAPPER_EXTENSION = xctest;
			};
			name = Debug;
		};
		1B05833B194D5274000D43C2 /* Release */ = {
			isa = XCBuildConfiguration;
			buildSettings = {
				BUNDLE_LOADER = "$(BUILT_PRODUCTS_DIR)/FeelTheColor.app/FeelTheColor";
				FRAMEWORK_SEARCH_PATHS = (
					"$(SDKROOT)/Developer/Library/Frameworks",
					"$(inherited)",
					"$(DEVELOPER_FRAMEWORKS_DIR)",
				);
				GCC_PRECOMPILE_PREFIX_HEADER = YES;
				GCC_PREFIX_HEADER = "FeelTheColor/FeelTheColor-Prefix.pch";
				INFOPLIST_FILE = "FeelTheColorTests/FeelTheColorTests-Info.plist";
				PRODUCT_NAME = "$(TARGET_NAME)";
				TEST_HOST = "$(BUNDLE_LOADER)";
				WRAPPER_EXTENSION = xctest;
			};
			name = Release;
		};
/* End XCBuildConfiguration section */

/* Begin XCConfigurationList section */
		1B058305194D5274000D43C2 /* Build configuration list for PBXProject "FeelTheColor" */ = {
			isa = XCConfigurationList;
			buildConfigurations = (
				1B058334194D5274000D43C2 /* Debug */,
				1B058335194D5274000D43C2 /* Release */,
			);
			defaultConfigurationIsVisible = 0;
			defaultConfigurationName = Release;
		};
		1B058336194D5274000D43C2 /* Build configuration list for PBXNativeTarget "FeelTheColor" */ = {
			isa = XCConfigurationList;
			buildConfigurations = (
				1B058337194D5274000D43C2 /* Debug */,
				1B058338194D5274000D43C2 /* Release */,
			);
			defaultConfigurationIsVisible = 0;
		};
		1B058339194D5274000D43C2 /* Build configuration list for PBXNativeTarget "FeelTheColorTests" */ = {
			isa = XCConfigurationList;
			buildConfigurations = (
				1B05833A194D5274000D43C2 /* Debug */,
				1B05833B194D5274000D43C2 /* Release */,
			);
			defaultConfigurationIsVisible = 0;
		};
/* End XCConfigurationList section */
	};
	rootObject = 1B058302194D5274000D43C2 /* Project object */;
}
